{
  "version": 4,
  "terraform_version": "1.15.8",
  "serial": 9,
  "lineage": "cf1f2685-4e26-9c81-f6f7-dd291959b415",
  "outputs": {
    "pod_id": {
      "value": "wynh-o77ysmp0",
      "type": "string"
    },
    "rds_creds": {
      "value": {
        "password": "winnerorloser",
        "username": "manu"
      },
      "type": [
        "object",
        {
          "password": "string",
          "username": "string"
        }
      ]
    }
  },
  "resources": [
    {
      "mode": "managed",
      "type": "random_string",
      "name": "suffix",
      "provider": "provider[\"registry.terraform.io/hashicorp/random\"]",
      "instances": [
        {
          "schema_version": 2,
          "attributes": {
            "id": "O77ysMP0",
            "keepers": null,
            "length": 8,
            "lower": true,
            "min_lower": 0,
            "min_numeric": 0,
            "min_special": 0,
            "min_upper": 0,
            "number": true,
            "numeric": true,
            "override_special": null,
            "result": "O77ysMP0",
            "special": false,
            "upper": true
          },
          "sensitive_attributes": [],
          "identity_schema_version": 0
        }
      ]
    }
  ],
  "check_results": null
}
